
Microsoft Visual Studio Solution File, Format Version 12.00
# Visual Studio Version 16
VisualStudioVersion = 16.0.30621.155
MinimumVisualStudioVersion = 10.0.40219.1
Project("{FAE04EC0-301F-11D3-BF4B-00C04F79EFBC}") = "ISPSolution", "ISPSolution\ISPSolution.csproj", "{A76A4127-09D4-4B4B-BAF5-B7DAB9815E17}"
EndProject
Global
	GlobalSection(SolutionConfigurationPlatforms) = preSolution
		Debug|Any CPU = Debug|Any CPU
		Release|Any CPU = Release|Any CPU
	EndGlobalSection
	GlobalSection(ProjectConfigurationPlatforms) = postSolution
		{A76A4127-09D4-4B4B-BAF5-B7DAB9815E17}.Debug|Any CPU.ActiveCfg = Debug|Any CPU
		{A76A4127-09D4-4B4B-BAF5-B7DAB9815E17}.Debug|Any CPU.Build.0 = Debug|Any CPU
		{A76A4127-09D4-4B4B-BAF5-B7DAB9815E17}.Release|Any CPU.ActiveCfg = Release|Any CPU
		{A76A4127-09D4-4B4B-BAF5-B7DAB9815E17}.Release|Any CPU.Build.0 = Release|Any CPU
	EndGlobalSection
	GlobalSection(SolutionProperties) = preSolution
		HideSolutionNode = FALSE
	EndGlobalSection
	GlobalSection(ExtensibilityGlobals) = postSolution
		SolutionGuid = {3FE5EAF2-1C75-4097-B923-A314F6CAAA87}
	EndGlobalSection
EndGlobal
