
Microsoft Visual Studio Solution File, Format Version 12.00
# Visual Studio Version 16
VisualStudioVersion = 16.0.30621.155
MinimumVisualStudioVersion = 10.0.40219.1
Project("{FAE04EC0-301F-11D3-BF4B-00C04F79EFBC}") = "ISPViolation", "ISPViolation\ISPViolation.csproj", "{549F0DA1-0008-47F5-ABCD-39AB5D059A92}"
EndProject
Global
	GlobalSection(SolutionConfigurationPlatforms) = preSolution
		Debug|Any CPU = Debug|Any CPU
		Release|Any CPU = Release|Any CPU
	EndGlobalSection
	GlobalSection(ProjectConfigurationPlatforms) = postSolution
		{549F0DA1-0008-47F5-ABCD-39AB5D059A92}.Debug|Any CPU.ActiveCfg = Debug|Any CPU
		{549F0DA1-0008-47F5-ABCD-39AB5D059A92}.Debug|Any CPU.Build.0 = Debug|Any CPU
		{549F0DA1-0008-47F5-ABCD-39AB5D059A92}.Release|Any CPU.ActiveCfg = Release|Any CPU
		{549F0DA1-0008-47F5-ABCD-39AB5D059A92}.Release|Any CPU.Build.0 = Release|Any CPU
	EndGlobalSection
	GlobalSection(SolutionProperties) = preSolution
		HideSolutionNode = FALSE
	EndGlobalSection
	GlobalSection(ExtensibilityGlobals) = postSolution
		SolutionGuid = {26C4BEC8-A7B7-41B4-B304-634740B4689F}
	EndGlobalSection
EndGlobal
