
Microsoft Visual Studio Solution File, Format Version 12.00
# Visual Studio Version 16
VisualStudioVersion = 16.0.30621.155
MinimumVisualStudioVersion = 10.0.40219.1
Project("{FAE04EC0-301F-11D3-BF4B-00C04F79EFBC}") = "DIPViolation", "DIPViolation\DIPViolation.csproj", "{FAE877D3-7619-4EB7-B3F2-D3B71E3FAE92}"
EndProject
Global
	GlobalSection(SolutionConfigurationPlatforms) = preSolution
		Debug|Any CPU = Debug|Any CPU
		Release|Any CPU = Release|Any CPU
	EndGlobalSection
	GlobalSection(ProjectConfigurationPlatforms) = postSolution
		{FAE877D3-7619-4EB7-B3F2-D3B71E3FAE92}.Debug|Any CPU.ActiveCfg = Debug|Any CPU
		{FAE877D3-7619-4EB7-B3F2-D3B71E3FAE92}.Debug|Any CPU.Build.0 = Debug|Any CPU
		{FAE877D3-7619-4EB7-B3F2-D3B71E3FAE92}.Release|Any CPU.ActiveCfg = Release|Any CPU
		{FAE877D3-7619-4EB7-B3F2-D3B71E3FAE92}.Release|Any CPU.Build.0 = Release|Any CPU
	EndGlobalSection
	GlobalSection(SolutionProperties) = preSolution
		HideSolutionNode = FALSE
	EndGlobalSection
	GlobalSection(ExtensibilityGlobals) = postSolution
		SolutionGuid = {14243CF0-A270-4DC5-A564-7EAC067D76EA}
	EndGlobalSection
EndGlobal
